
Microsoft Visual Studio Solution File, Format Version 12.00
# Visual Studio Version 17
VisualStudioVersion = 17.2.32519.379
MinimumVisualStudioVersion = 10.0.40219.1
Project("{FAE04EC0-301F-11D3-BF4B-00C04F79EFBC}") = "Oppgave_Vann", "Oppgave_Vann.csproj", "{BBC8C00D-8696-4240-888D-7BC46E832BDE}"
EndProject
Project("{FAE04EC0-301F-11D3-BF4B-00C04F79EFBC}") = "Test_Vann", "..\Test_Vann\Test_Vann.csproj", "{5E44B1B1-56B9-4A20-8D2A-EE7F10C297D6}"
EndProject
Global
	GlobalSection(SolutionConfigurationPlatforms) = preSolution
		Debug|Any CPU = Debug|Any CPU
		Release|Any CPU = Release|Any CPU
	EndGlobalSection
	GlobalSection(ProjectConfigurationPlatforms) = postSolution
		{BBC8C00D-8696-4240-888D-7BC46E832BDE}.Debug|Any CPU.ActiveCfg = Debug|Any CPU
		{BBC8C00D-8696-4240-888D-7BC46E832BDE}.Debug|Any CPU.Build.0 = Debug|Any CPU
		{BBC8C00D-8696-4240-888D-7BC46E832BDE}.Release|Any CPU.ActiveCfg = Release|Any CPU
		{BBC8C00D-8696-4240-888D-7BC46E832BDE}.Release|Any CPU.Build.0 = Release|Any CPU
		{5E44B1B1-56B9-4A20-8D2A-EE7F10C297D6}.Debug|Any CPU.ActiveCfg = Debug|Any CPU
		{5E44B1B1-56B9-4A20-8D2A-EE7F10C297D6}.Debug|Any CPU.Build.0 = Debug|Any CPU
		{5E44B1B1-56B9-4A20-8D2A-EE7F10C297D6}.Release|Any CPU.ActiveCfg = Release|Any CPU
		{5E44B1B1-56B9-4A20-8D2A-EE7F10C297D6}.Release|Any CPU.Build.0 = Release|Any CPU
	EndGlobalSection
	GlobalSection(SolutionProperties) = preSolution
		HideSolutionNode = FALSE
	EndGlobalSection
	GlobalSection(ExtensibilityGlobals) = postSolution
		SolutionGuid = {2017C314-839E-4B30-8A04-949EEA914626}
	EndGlobalSection
EndGlobal
